
Microsoft Visual Studio Solution File, Format Version 12.00
# Visual Studio Version 16
VisualStudioVersion = 25.0.1704.2
MinimumVisualStudioVersion = 10.0.40219.1
Project("{FAE04EC0-301F-11D3-BF4B-00C04F79EFBC}") = "NewProjectPhoneBD", "NewProjectPhoneBD\NewProjectPhoneBD.csproj", "{A7AA7EEC-52CF-42AE-BE94-9921CF81E97C}"
EndProject
Global
	GlobalSection(SolutionConfigurationPlatforms) = preSolution
		Debug|Any CPU = Debug|Any CPU
		Release|Any CPU = Release|Any CPU
	EndGlobalSection
	GlobalSection(ProjectConfigurationPlatforms) = postSolution
		{A7AA7EEC-52CF-42AE-BE94-9921CF81E97C}.Debug|Any CPU.ActiveCfg = Debug|Any CPU
		{A7AA7EEC-52CF-42AE-BE94-9921CF81E97C}.Debug|Any CPU.Build.0 = Debug|Any CPU
		{A7AA7EEC-52CF-42AE-BE94-9921CF81E97C}.Release|Any CPU.ActiveCfg = Release|Any CPU
		{A7AA7EEC-52CF-42AE-BE94-9921CF81E97C}.Release|Any CPU.Build.0 = Release|Any CPU
	EndGlobalSection
	GlobalSection(SolutionProperties) = preSolution
		HideSolutionNode = FALSE
	EndGlobalSection
	GlobalSection(ExtensibilityGlobals) = postSolution
		SolutionGuid = {5C1F961D-34C3-4B0E-AE97-E5F9D0DD50B4}
	EndGlobalSection
EndGlobal
